
Microsoft Visual Studio Solution File, Format Version 12.00
# Visual Studio 2012
Project("{FAE04EC0-301F-11D3-BF4B-00C04F79EFBC}") = "TeamEferns.Droid", "TeamEferns.Droid\TeamEferns.Droid.csproj", "{295F1B60-C1CB-4263-BBDE-19E6DF6E3419}"
EndProject
Project("{D954291E-2A0B-460D-934E-DC6B0785DB48}") = "TeamEferns.Shared", "TeamEferns.Shared\TeamEferns.Shared.shproj", "{D98F84BF-0786-4E1E-B08B-048A1429C1C0}"
EndProject
Project("{FAE04EC0-301F-11D3-BF4B-00C04F79EFBC}") = "TeamEferns.Touch", "TeamEferns.Touch\TeamEferns.Touch.csproj", "{6847AFBD-330E-4AC9-852F-4B9CAC32BE52}"
EndProject
Global
	GlobalSection(SolutionConfigurationPlatforms) = preSolution
		Debug|Any CPU = Debug|Any CPU
		Release|Any CPU = Release|Any CPU
		Debug|iPhoneSimulator = Debug|iPhoneSimulator
		Release|iPhoneSimulator = Release|iPhoneSimulator
		Debug|iPhone = Debug|iPhone
		Release|iPhone = Release|iPhone
		Ad-Hoc|iPhone = Ad-Hoc|iPhone
		AppStore|iPhone = AppStore|iPhone
	EndGlobalSection
	GlobalSection(ProjectConfigurationPlatforms) = postSolution
		{295F1B60-C1CB-4263-BBDE-19E6DF6E3419}.Ad-Hoc|iPhone.ActiveCfg = Debug|Any CPU
		{295F1B60-C1CB-4263-BBDE-19E6DF6E3419}.Ad-Hoc|iPhone.Build.0 = Debug|Any CPU
		{295F1B60-C1CB-4263-BBDE-19E6DF6E3419}.AppStore|iPhone.ActiveCfg = Debug|Any CPU
		{295F1B60-C1CB-4263-BBDE-19E6DF6E3419}.AppStore|iPhone.Build.0 = Debug|Any CPU
		{295F1B60-C1CB-4263-BBDE-19E6DF6E3419}.Debug|Any CPU.ActiveCfg = Debug|Any CPU
		{295F1B60-C1CB-4263-BBDE-19E6DF6E3419}.Debug|Any CPU.Build.0 = Debug|Any CPU
		{295F1B60-C1CB-4263-BBDE-19E6DF6E3419}.Debug|iPhone.ActiveCfg = Debug|Any CPU
		{295F1B60-C1CB-4263-BBDE-19E6DF6E3419}.Debug|iPhone.Build.0 = Debug|Any CPU
		{295F1B60-C1CB-4263-BBDE-19E6DF6E3419}.Debug|iPhoneSimulator.ActiveCfg = Debug|Any CPU
		{295F1B60-C1CB-4263-BBDE-19E6DF6E3419}.Debug|iPhoneSimulator.Build.0 = Debug|Any CPU
		{295F1B60-C1CB-4263-BBDE-19E6DF6E3419}.Release|Any CPU.ActiveCfg = Release|Any CPU
		{295F1B60-C1CB-4263-BBDE-19E6DF6E3419}.Release|Any CPU.Build.0 = Release|Any CPU
		{295F1B60-C1CB-4263-BBDE-19E6DF6E3419}.Release|iPhone.ActiveCfg = Release|Any CPU
		{295F1B60-C1CB-4263-BBDE-19E6DF6E3419}.Release|iPhone.Build.0 = Release|Any CPU
		{295F1B60-C1CB-4263-BBDE-19E6DF6E3419}.Release|iPhoneSimulator.ActiveCfg = Release|Any CPU
		{295F1B60-C1CB-4263-BBDE-19E6DF6E3419}.Release|iPhoneSimulator.Build.0 = Release|Any CPU
		{6847AFBD-330E-4AC9-852F-4B9CAC32BE52}.Ad-Hoc|iPhone.ActiveCfg = Ad-Hoc|iPhone
		{6847AFBD-330E-4AC9-852F-4B9CAC32BE52}.Ad-Hoc|iPhone.Build.0 = Ad-Hoc|iPhone
		{6847AFBD-330E-4AC9-852F-4B9CAC32BE52}.AppStore|iPhone.ActiveCfg = AppStore|iPhone
		{6847AFBD-330E-4AC9-852F-4B9CAC32BE52}.AppStore|iPhone.Build.0 = AppStore|iPhone
		{6847AFBD-330E-4AC9-852F-4B9CAC32BE52}.Debug|Any CPU.ActiveCfg = Debug|iPhoneSimulator
		{6847AFBD-330E-4AC9-852F-4B9CAC32BE52}.Debug|Any CPU.Build.0 = Debug|iPhoneSimulator
		{6847AFBD-330E-4AC9-852F-4B9CAC32BE52}.Debug|iPhone.ActiveCfg = Debug|iPhone
		{6847AFBD-330E-4AC9-852F-4B9CAC32BE52}.Debug|iPhone.Build.0 = Debug|iPhone
		{6847AFBD-330E-4AC9-852F-4B9CAC32BE52}.Debug|iPhoneSimulator.ActiveCfg = Debug|iPhoneSimulator
		{6847AFBD-330E-4AC9-852F-4B9CAC32BE52}.Debug|iPhoneSimulator.Build.0 = Debug|iPhoneSimulator
		{6847AFBD-330E-4AC9-852F-4B9CAC32BE52}.Release|Any CPU.ActiveCfg = Release|iPhoneSimulator
		{6847AFBD-330E-4AC9-852F-4B9CAC32BE52}.Release|Any CPU.Build.0 = Release|iPhoneSimulator
		{6847AFBD-330E-4AC9-852F-4B9CAC32BE52}.Release|iPhone.ActiveCfg = Release|iPhone
		{6847AFBD-330E-4AC9-852F-4B9CAC32BE52}.Release|iPhone.Build.0 = Release|iPhone
		{6847AFBD-330E-4AC9-852F-4B9CAC32BE52}.Release|iPhoneSimulator.ActiveCfg = Release|iPhoneSimulator
		{6847AFBD-330E-4AC9-852F-4B9CAC32BE52}.Release|iPhoneSimulator.Build.0 = Release|iPhoneSimulator
	EndGlobalSection
EndGlobal
